
Microsoft Visual Studio Solution File, Format Version 12.00
# Visual Studio 15
Project("{FAE04EC0-301F-11D3-BF4B-00C04F79EFBC}") = "Assembly-CSharp", "Assembly-CSharp.csproj", "{C4A740FF-FCAA-B5D7-574B-330929EE03CF}"
EndProject
Project("{FAE04EC0-301F-11D3-BF4B-00C04F79EFBC}") = "Assembly-CSharp-Editor", "Assembly-CSharp-Editor.csproj", "{6EA3E77A-A51C-AEE2-179E-69A8B1FD1224}"
EndProject
Global
	GlobalSection(SolutionConfigurationPlatforms) = preSolution
		Debug|Any CPU = Debug|Any CPU
		Release|Any CPU = Release|Any CPU
	EndGlobalSection
	GlobalSection(ProjectConfigurationPlatforms) = postSolution
		{C4A740FF-FCAA-B5D7-574B-330929EE03CF}.Debug|Any CPU.ActiveCfg = Debug|Any CPU
		{C4A740FF-FCAA-B5D7-574B-330929EE03CF}.Debug|Any CPU.Build.0 = Debug|Any CPU
		{C4A740FF-FCAA-B5D7-574B-330929EE03CF}.Release|Any CPU.ActiveCfg = Release|Any CPU
		{C4A740FF-FCAA-B5D7-574B-330929EE03CF}.Release|Any CPU.Build.0 = Release|Any CPU
		{6EA3E77A-A51C-AEE2-179E-69A8B1FD1224}.Debug|Any CPU.ActiveCfg = Debug|Any CPU
		{6EA3E77A-A51C-AEE2-179E-69A8B1FD1224}.Debug|Any CPU.Build.0 = Debug|Any CPU
		{6EA3E77A-A51C-AEE2-179E-69A8B1FD1224}.Release|Any CPU.ActiveCfg = Release|Any CPU
		{6EA3E77A-A51C-AEE2-179E-69A8B1FD1224}.Release|Any CPU.Build.0 = Release|Any CPU
	EndGlobalSection
	GlobalSection(SolutionProperties) = preSolution
		HideSolutionNode = FALSE
	EndGlobalSection
EndGlobal
